
Microsoft Visual Studio Solution File, Format Version 12.00
# Visual Studio Version 17
VisualStudioVersion = 17.4.33103.184
MinimumVisualStudioVersion = 10.0.40219.1
Project("{FAE04EC0-301F-11D3-BF4B-00C04F79EFBC}") = "group-34-interledger-API", "group-34-interledger-API.csproj", "{58641F2C-00CD-4810-AE68-6F9CB3E644C9}"
EndProject
Global
	GlobalSection(SolutionConfigurationPlatforms) = preSolution
		Debug|Any CPU = Debug|Any CPU
		Release|Any CPU = Release|Any CPU
	EndGlobalSection
	GlobalSection(ProjectConfigurationPlatforms) = postSolution
		{58641F2C-00CD-4810-AE68-6F9CB3E644C9}.Debug|Any CPU.ActiveCfg = Debug|Any CPU
		{58641F2C-00CD-4810-AE68-6F9CB3E644C9}.Debug|Any CPU.Build.0 = Debug|Any CPU
		{58641F2C-00CD-4810-AE68-6F9CB3E644C9}.Release|Any CPU.ActiveCfg = Release|Any CPU
		{58641F2C-00CD-4810-AE68-6F9CB3E644C9}.Release|Any CPU.Build.0 = Release|Any CPU
	EndGlobalSection
	GlobalSection(SolutionProperties) = preSolution
		HideSolutionNode = FALSE
	EndGlobalSection
	GlobalSection(ExtensibilityGlobals) = postSolution
		SolutionGuid = {EFC805F2-0CAE-492F-994F-9C909590BF7B}
	EndGlobalSection
EndGlobal
